
Microsoft Visual Studio Solution File, Format Version 12.00
# Visual Studio Version 16
VisualStudioVersion = 16.0.31624.102
MinimumVisualStudioVersion = 10.0.40219.1
Project("{8BC9CEB8-8B4A-11D0-8D11-00A0C91BC942}") = "Lab1", "Lab1\Lab1.vcxproj", "{273B183E-1B63-4D2B-ACFE-F1E445254005}"
EndProject
Project("{8BC9CEB8-8B4A-11D0-8D11-00A0C91BC942}") = "Lab2", "Lab2\Lab2.vcxproj", "{715E212C-913B-4C16-808F-58DFB796FAAA}"
EndProject
Project("{8BC9CEB8-8B4A-11D0-8D11-00A0C91BC942}") = "Lab3", "Lab3\Lab3.vcxproj", "{519E349E-2439-4094-8191-D2709B4E4A82}"
EndProject
Project("{8BC9CEB8-8B4A-11D0-8D11-00A0C91BC942}") = "Lab4", "Lab4\Lab4.vcxproj", "{0CF01CAD-3396-4C20-B2E1-AD7B05AF2A38}"
EndProject
Project("{8BC9CEB8-8B4A-11D0-8D11-00A0C91BC942}") = "Lab5", "Lab5\Lab5.vcxproj", "{34692A7B-57E6-43F2-8DFD-E6239CCF44D0}"
EndProject
Project("{8BC9CEB8-8B4A-11D0-8D11-00A0C91BC942}") = "Lab6", "Lab6\Lab6.vcxproj", "{CCD8E27D-73AB-4655-821F-0F6D8151405F}"
EndProject
Project("{8BC9CEB8-8B4A-11D0-8D11-00A0C91BC942}") = "Lab7", "Lab7\Lab7.vcxproj", "{D3ECDC11-F735-454A-A341-FBA440DECE4A}"
EndProject
Project("{8BC9CEB8-8B4A-11D0-8D11-00A0C91BC942}") = "Lab8", "Lab8\Lab8.vcxproj", "{BD7C2824-0522-4B68-8308-3EF78193D03F}"
EndProject
Project("{8BC9CEB8-8B4A-11D0-8D11-00A0C91BC942}") = "Lab9", "Lab9\Lab9.vcxproj", "{7722CF17-475D-494C-954B-89BEEB22D2E9}"
EndProject
Global
	GlobalSection(SolutionConfigurationPlatforms) = preSolution
		Debug|x64 = Debug|x64
		Debug|x86 = Debug|x86
		Release|x64 = Release|x64
		Release|x86 = Release|x86
	EndGlobalSection
	GlobalSection(ProjectConfigurationPlatforms) = postSolution
		{273B183E-1B63-4D2B-ACFE-F1E445254005}.Debug|x64.ActiveCfg = Debug|x64
		{273B183E-1B63-4D2B-ACFE-F1E445254005}.Debug|x64.Build.0 = Debug|x64
		{273B183E-1B63-4D2B-ACFE-F1E445254005}.Debug|x86.ActiveCfg = Debug|Win32
		{273B183E-1B63-4D2B-ACFE-F1E445254005}.Debug|x86.Build.0 = Debug|Win32
		{273B183E-1B63-4D2B-ACFE-F1E445254005}.Release|x64.ActiveCfg = Release|x64
		{273B183E-1B63-4D2B-ACFE-F1E445254005}.Release|x64.Build.0 = Release|x64
		{273B183E-1B63-4D2B-ACFE-F1E445254005}.Release|x86.ActiveCfg = Release|Win32
		{273B183E-1B63-4D2B-ACFE-F1E445254005}.Release|x86.Build.0 = Release|Win32
		{715E212C-913B-4C16-808F-58DFB796FAAA}.Debug|x64.ActiveCfg = Debug|x64
		{715E212C-913B-4C16-808F-58DFB796FAAA}.Debug|x64.Build.0 = Debug|x64
		{715E212C-913B-4C16-808F-58DFB796FAAA}.Debug|x86.ActiveCfg = Debug|Win32
		{715E212C-913B-4C16-808F-58DFB796FAAA}.Debug|x86.Build.0 = Debug|Win32
		{715E212C-913B-4C16-808F-58DFB796FAAA}.Release|x64.ActiveCfg = Release|x64
		{715E212C-913B-4C16-808F-58DFB796FAAA}.Release|x64.Build.0 = Release|x64
		{715E212C-913B-4C16-808F-58DFB796FAAA}.Release|x86.ActiveCfg = Release|Win32
		{715E212C-913B-4C16-808F-58DFB796FAAA}.Release|x86.Build.0 = Release|Win32
		{519E349E-2439-4094-8191-D2709B4E4A82}.Debug|x64.ActiveCfg = Debug|x64
		{519E349E-2439-4094-8191-D2709B4E4A82}.Debug|x64.Build.0 = Debug|x64
		{519E349E-2439-4094-8191-D2709B4E4A82}.Debug|x86.ActiveCfg = Debug|Win32
		{519E349E-2439-4094-8191-D2709B4E4A82}.Debug|x86.Build.0 = Debug|Win32
		{519E349E-2439-4094-8191-D2709B4E4A82}.Release|x64.ActiveCfg = Release|x64
		{519E349E-2439-4094-8191-D2709B4E4A82}.Release|x64.Build.0 = Release|x64
		{519E349E-2439-4094-8191-D2709B4E4A82}.Release|x86.ActiveCfg = Release|Win32
		{519E349E-2439-4094-8191-D2709B4E4A82}.Release|x86.Build.0 = Release|Win32
		{0CF01CAD-3396-4C20-B2E1-AD7B05AF2A38}.Debug|x64.ActiveCfg = Debug|x64
		{0CF01CAD-3396-4C20-B2E1-AD7B05AF2A38}.Debug|x64.Build.0 = Debug|x64
		{0CF01CAD-3396-4C20-B2E1-AD7B05AF2A38}.Debug|x86.ActiveCfg = Debug|Win32
		{0CF01CAD-3396-4C20-B2E1-AD7B05AF2A38}.Debug|x86.Build.0 = Debug|Win32
		{0CF01CAD-3396-4C20-B2E1-AD7B05AF2A38}.Release|x64.ActiveCfg = Release|x64
		{0CF01CAD-3396-4C20-B2E1-AD7B05AF2A38}.Release|x64.Build.0 = Release|x64
		{0CF01CAD-3396-4C20-B2E1-AD7B05AF2A38}.Release|x86.ActiveCfg = Release|Win32
		{0CF01CAD-3396-4C20-B2E1-AD7B05AF2A38}.Release|x86.Build.0 = Release|Win32
		{34692A7B-57E6-43F2-8DFD-E6239CCF44D0}.Debug|x64.ActiveCfg = Debug|x64
		{34692A7B-57E6-43F2-8DFD-E6239CCF44D0}.Debug|x64.Build.0 = Debug|x64
		{34692A7B-57E6-43F2-8DFD-E6239CCF44D0}.Debug|x86.ActiveCfg = Debug|Win32
		{34692A7B-57E6-43F2-8DFD-E6239CCF44D0}.Debug|x86.Build.0 = Debug|Win32
		{34692A7B-57E6-43F2-8DFD-E6239CCF44D0}.Release|x64.ActiveCfg = Release|x64
		{34692A7B-57E6-43F2-8DFD-E6239CCF44D0}.Release|x64.Build.0 = Release|x64
		{34692A7B-57E6-43F2-8DFD-E6239CCF44D0}.Release|x86.ActiveCfg = Release|Win32
		{34692A7B-57E6-43F2-8DFD-E6239CCF44D0}.Release|x86.Build.0 = Release|Win32
		{CCD8E27D-73AB-4655-821F-0F6D8151405F}.Debug|x64.ActiveCfg = Debug|x64
		{CCD8E27D-73AB-4655-821F-0F6D8151405F}.Debug|x64.Build.0 = Debug|x64
		{CCD8E27D-73AB-4655-821F-0F6D8151405F}.Debug|x86.ActiveCfg = Debug|Win32
		{CCD8E27D-73AB-4655-821F-0F6D8151405F}.Debug|x86.Build.0 = Debug|Win32
		{CCD8E27D-73AB-4655-821F-0F6D8151405F}.Release|x64.ActiveCfg = Release|x64
		{CCD8E27D-73AB-4655-821F-0F6D8151405F}.Release|x64.Build.0 = Release|x64
		{CCD8E27D-73AB-4655-821F-0F6D8151405F}.Release|x86.ActiveCfg = Release|Win32
		{CCD8E27D-73AB-4655-821F-0F6D8151405F}.Release|x86.Build.0 = Release|Win32
		{D3ECDC11-F735-454A-A341-FBA440DECE4A}.Debug|x64.ActiveCfg = Debug|x64
		{D3ECDC11-F735-454A-A341-FBA440DECE4A}.Debug|x64.Build.0 = Debug|x64
		{D3ECDC11-F735-454A-A341-FBA440DECE4A}.Debug|x86.ActiveCfg = Debug|Win32
		{D3ECDC11-F735-454A-A341-FBA440DECE4A}.Debug|x86.Build.0 = Debug|Win32
		{D3ECDC11-F735-454A-A341-FBA440DECE4A}.Release|x64.ActiveCfg = Release|x64
		{D3ECDC11-F735-454A-A341-FBA440DECE4A}.Release|x64.Build.0 = Release|x64
		{D3ECDC11-F735-454A-A341-FBA440DECE4A}.Release|x86.ActiveCfg = Release|Win32
		{D3ECDC11-F735-454A-A341-FBA440DECE4A}.Release|x86.Build.0 = Release|Win32
		{BD7C2824-0522-4B68-8308-3EF78193D03F}.Debug|x64.ActiveCfg = Debug|x64
		{BD7C2824-0522-4B68-8308-3EF78193D03F}.Debug|x64.Build.0 = Debug|x64
		{BD7C2824-0522-4B68-8308-3EF78193D03F}.Debug|x86.ActiveCfg = Debug|Win32
		{BD7C2824-0522-4B68-8308-3EF78193D03F}.Debug|x86.Build.0 = Debug|Win32
		{BD7C2824-0522-4B68-8308-3EF78193D03F}.Release|x64.ActiveCfg = Release|x64
		{BD7C2824-0522-4B68-8308-3EF78193D03F}.Release|x64.Build.0 = Release|x64
		{BD7C2824-0522-4B68-8308-3EF78193D03F}.Release|x86.ActiveCfg = Release|Win32
		{BD7C2824-0522-4B68-8308-3EF78193D03F}.Release|x86.Build.0 = Release|Win32
		{7722CF17-475D-494C-954B-89BEEB22D2E9}.Debug|x64.ActiveCfg = Debug|x64
		{7722CF17-475D-494C-954B-89BEEB22D2E9}.Debug|x64.Build.0 = Debug|x64
		{7722CF17-475D-494C-954B-89BEEB22D2E9}.Debug|x86.ActiveCfg = Debug|Win32
		{7722CF17-475D-494C-954B-89BEEB22D2E9}.Debug|x86.Build.0 = Debug|Win32
		{7722CF17-475D-494C-954B-89BEEB22D2E9}.Release|x64.ActiveCfg = Release|x64
		{7722CF17-475D-494C-954B-89BEEB22D2E9}.Release|x64.Build.0 = Release|x64
		{7722CF17-475D-494C-954B-89BEEB22D2E9}.Release|x86.ActiveCfg = Release|Win32
		{7722CF17-475D-494C-954B-89BEEB22D2E9}.Release|x86.Build.0 = Release|Win32
	EndGlobalSection
	GlobalSection(SolutionProperties) = preSolution
		HideSolutionNode = FALSE
	EndGlobalSection
	GlobalSection(ExtensibilityGlobals) = postSolution
		SolutionGuid = {3205BF2E-7A5E-40FF-9668-64343EC54233}
	EndGlobalSection
EndGlobal
