
Microsoft Visual Studio Solution File, Format Version 12.00
# Visual Studio Version 16
VisualStudioVersion = 16.0.31624.102
MinimumVisualStudioVersion = 10.0.40219.1
Project("{8BC9CEB8-8B4A-11D0-8D11-00A0C91BC942}") = "Lab1", "Lab1\Lab1.vcxproj", "{273B183E-1B63-4D2B-ACFE-F1E445254005}"
EndProject
Project("{8BC9CEB8-8B4A-11D0-8D11-00A0C91BC942}") = "Lab2", "Lab2\Lab2.vcxproj", "{715E212C-913B-4C16-808F-58DFB796FAAA}"
EndProject
Project("{8BC9CEB8-8B4A-11D0-8D11-00A0C91BC942}") = "Lab3", "Lab3\Lab3.vcxproj", "{519E349E-2439-4094-8191-D2709B4E4A82}"
EndProject
Project("{8BC9CEB8-8B4A-11D0-8D11-00A0C91BC942}") = "Lab4", "Lab4\Lab4.vcxproj", "{0CF01CAD-3396-4C20-B2E1-AD7B05AF2A38}"
EndProject
Global
	GlobalSection(SolutionConfigurationPlatforms) = preSolution
		Debug|x64 = Debug|x64
		Debug|x86 = Debug|x86
		Release|x64 = Release|x64
		Release|x86 = Release|x86
	EndGlobalSection
	GlobalSection(ProjectConfigurationPlatforms) = postSolution
		{273B183E-1B63-4D2B-ACFE-F1E445254005}.Debug|x64.ActiveCfg = Debug|x64
		{273B183E-1B63-4D2B-ACFE-F1E445254005}.Debug|x64.Build.0 = Debug|x64
		{273B183E-1B63-4D2B-ACFE-F1E445254005}.Debug|x86.ActiveCfg = Debug|Win32
		{273B183E-1B63-4D2B-ACFE-F1E445254005}.Debug|x86.Build.0 = Debug|Win32
		{273B183E-1B63-4D2B-ACFE-F1E445254005}.Release|x64.ActiveCfg = Release|x64
		{273B183E-1B63-4D2B-ACFE-F1E445254005}.Release|x64.Build.0 = Release|x64
		{273B183E-1B63-4D2B-ACFE-F1E445254005}.Release|x86.ActiveCfg = Release|Win32
		{273B183E-1B63-4D2B-ACFE-F1E445254005}.Release|x86.Build.0 = Release|Win32
		{715E212C-913B-4C16-808F-58DFB796FAAA}.Debug|x64.ActiveCfg = Debug|x64
		{715E212C-913B-4C16-808F-58DFB796FAAA}.Debug|x64.Build.0 = Debug|x64
		{715E212C-913B-4C16-808F-58DFB796FAAA}.Debug|x86.ActiveCfg = Debug|Win32
		{715E212C-913B-4C16-808F-58DFB796FAAA}.Debug|x86.Build.0 = Debug|Win32
		{715E212C-913B-4C16-808F-58DFB796FAAA}.Release|x64.ActiveCfg = Release|x64
		{715E212C-913B-4C16-808F-58DFB796FAAA}.Release|x64.Build.0 = Release|x64
		{715E212C-913B-4C16-808F-58DFB796FAAA}.Release|x86.ActiveCfg = Release|Win32
		{715E212C-913B-4C16-808F-58DFB796FAAA}.Release|x86.Build.0 = Release|Win32
		{519E349E-2439-4094-8191-D2709B4E4A82}.Debug|x64.ActiveCfg = Debug|x64
		{519E349E-2439-4094-8191-D2709B4E4A82}.Debug|x64.Build.0 = Debug|x64
		{519E349E-2439-4094-8191-D2709B4E4A82}.Debug|x86.ActiveCfg = Debug|Win32
		{519E349E-2439-4094-8191-D2709B4E4A82}.Debug|x86.Build.0 = Debug|Win32
		{519E349E-2439-4094-8191-D2709B4E4A82}.Release|x64.ActiveCfg = Release|x64
		{519E349E-2439-4094-8191-D2709B4E4A82}.Release|x64.Build.0 = Release|x64
		{519E349E-2439-4094-8191-D2709B4E4A82}.Release|x86.ActiveCfg = Release|Win32
		{519E349E-2439-4094-8191-D2709B4E4A82}.Release|x86.Build.0 = Release|Win32
		{0CF01CAD-3396-4C20-B2E1-AD7B05AF2A38}.Debug|x64.ActiveCfg = Debug|x64
		{0CF01CAD-3396-4C20-B2E1-AD7B05AF2A38}.Debug|x64.Build.0 = Debug|x64
		{0CF01CAD-3396-4C20-B2E1-AD7B05AF2A38}.Debug|x86.ActiveCfg = Debug|Win32
		{0CF01CAD-3396-4C20-B2E1-AD7B05AF2A38}.Debug|x86.Build.0 = Debug|Win32
		{0CF01CAD-3396-4C20-B2E1-AD7B05AF2A38}.Release|x64.ActiveCfg = Release|x64
		{0CF01CAD-3396-4C20-B2E1-AD7B05AF2A38}.Release|x64.Build.0 = Release|x64
		{0CF01CAD-3396-4C20-B2E1-AD7B05AF2A38}.Release|x86.ActiveCfg = Release|Win32
		{0CF01CAD-3396-4C20-B2E1-AD7B05AF2A38}.Release|x86.Build.0 = Release|Win32
	EndGlobalSection
	GlobalSection(SolutionProperties) = preSolution
		HideSolutionNode = FALSE
	EndGlobalSection
	GlobalSection(ExtensibilityGlobals) = postSolution
		SolutionGuid = {3205BF2E-7A5E-40FF-9668-64343EC54233}
	EndGlobalSection
EndGlobal
